
Microsoft Visual Studio Solution File, Format Version 12.00
# Visual Studio Version 17
VisualStudioVersion = 17.3.32922.545
MinimumVisualStudioVersion = 10.0.40219.1
Project("{FAE04EC0-301F-11D3-BF4B-00C04F79EFBC}") = "Task1", "Task1.csproj", "{6934AB42-BE21-418C-976B-0E7E525FD94A}"
EndProject
Project("{FAE04EC0-301F-11D3-BF4B-00C04F79EFBC}") = "Task2", "Task2\Task2.csproj", "{C0C50BD4-3EBE-4D7D-A931-C4EA5063E451}"
EndProject
Project("{FAE04EC0-301F-11D3-BF4B-00C04F79EFBC}") = "task3", "task3\task3.csproj", "{6D205A53-5801-4396-83E7-6B8B6FD9A2EE}"
EndProject
Global
	GlobalSection(SolutionConfigurationPlatforms) = preSolution
		Debug|Any CPU = Debug|Any CPU
		Release|Any CPU = Release|Any CPU
	EndGlobalSection
	GlobalSection(ProjectConfigurationPlatforms) = postSolution
		{6934AB42-BE21-418C-976B-0E7E525FD94A}.Debug|Any CPU.ActiveCfg = Debug|Any CPU
		{6934AB42-BE21-418C-976B-0E7E525FD94A}.Debug|Any CPU.Build.0 = Debug|Any CPU
		{6934AB42-BE21-418C-976B-0E7E525FD94A}.Release|Any CPU.ActiveCfg = Release|Any CPU
		{6934AB42-BE21-418C-976B-0E7E525FD94A}.Release|Any CPU.Build.0 = Release|Any CPU
		{C0C50BD4-3EBE-4D7D-A931-C4EA5063E451}.Debug|Any CPU.ActiveCfg = Debug|Any CPU
		{C0C50BD4-3EBE-4D7D-A931-C4EA5063E451}.Debug|Any CPU.Build.0 = Debug|Any CPU
		{C0C50BD4-3EBE-4D7D-A931-C4EA5063E451}.Release|Any CPU.ActiveCfg = Release|Any CPU
		{C0C50BD4-3EBE-4D7D-A931-C4EA5063E451}.Release|Any CPU.Build.0 = Release|Any CPU
		{6D205A53-5801-4396-83E7-6B8B6FD9A2EE}.Debug|Any CPU.ActiveCfg = Debug|Any CPU
		{6D205A53-5801-4396-83E7-6B8B6FD9A2EE}.Debug|Any CPU.Build.0 = Debug|Any CPU
		{6D205A53-5801-4396-83E7-6B8B6FD9A2EE}.Release|Any CPU.ActiveCfg = Release|Any CPU
		{6D205A53-5801-4396-83E7-6B8B6FD9A2EE}.Release|Any CPU.Build.0 = Release|Any CPU
	EndGlobalSection
	GlobalSection(SolutionProperties) = preSolution
		HideSolutionNode = FALSE
	EndGlobalSection
	GlobalSection(ExtensibilityGlobals) = postSolution
		SolutionGuid = {48F92B4D-C505-48C3-BF63-0E1EB22A2FAE}
	EndGlobalSection
EndGlobal
